%{"amnesia": {:git, "https://github.com/meh/amnesia.git", "fd80cb48806d58b32261cf933dbb0cc36f7cc97c", [ref: "master"]},
  "base58": {:git, "https://github.com/cancoin/erl-base58.git", "dd22cf9fa475befb8258f4cf67d77484c0d7fd37", []},
  "bbmustache": {:hex, :bbmustache, "1.0.4", "7ba94f971c5afd7b6617918a4bb74705e36cab36eb84b19b6a1b7ee06427aa38", [:rebar], []},
  "cf": {:hex, :cf, "0.2.2", "7f2913fff90abcabd0f489896cfeb0b0674f6c8df6c10b17a83175448029896c", [:rebar3], []},
  "cherly": {:git, "https://github.com/lastcanal/cherly.git", "0b417ff7e7fb87319532b53cf6d247fecf98b6f0", [branch: "develop"]},
  "conform": {:hex, :conform, "0.17.0"},
  "cowboy": {:git, "https://github.com/ninenines/cowboy.git", "dbb636034f20736e16eb9d6c809217c9525b6cbd", [ref: "2.0.0-pre.3"]},
  "cowlib": {:git, "https://github.com/ninenines/cowlib.git", "8cf98c9f3d1292c1b08fca5ca99772ae912eaa86", [ref: "master"]},
  "czmq": {:git, "https://github.com/gar1t/erlang-czmq.git", "50605c06a63fd178affdbf620ed63f7ced56bc3d", []},
  "erlware_commons": {:hex, :erlware_commons, "1.0.0", "087467de5833c0bb5b3ccdd387f9e9c1fb816a75b7a709629bf24b5ed3246c51", [:rebar3], [{:cf, "0.2.2", [hex: :cf, optional: false]}]},
  "exjsx": {:hex, :exjsx, "3.2.1", "1bc5bf1e4fd249104178f0885030bcd75a4526f4d2a1e976f4b428d347614f0f", [:mix], [{:jsx, "~> 2.8.0", [hex: :jsx, optional: false]}]},
  "exquisite": {:hex, :exquisite, "0.1.8", "ee8f56aae477287ce5e7dfcbc163a420cccbb73e680a6d80a09203e9ef514fa4", [:mix], []},
  "exrm": {:hex, :exrm, "1.0.8", "5aa8990cdfe300282828b02cefdc339e235f7916388ce99f9a1f926a9271a45d", [:mix], [{:relx, "~> 3.5", [hex: :relx, optional: false]}]},
  "getopt": {:hex, :getopt, "0.8.2", "b17556db683000ba50370b16c0619df1337e7af7ecbf7d64fbf8d1d6bce3109b", [:rebar], []},
  "gproc": {:hex, :gproc, "0.5.0", "2df2d886f8f8a7b81a4b04aa17972b5965bbc5bf0100ea6d8e8ac6a0e7389afe", [:rebar], []},
  "gun": {:git, "https://github.com/ninenines/gun.git", "d88f3675dba9e066ef339789d8c223358f744aac", [ref: "master"]},
  "inflex": {:hex, :inflex, "1.5.0", "e4ff5d900280b2011b24d1ac1c4590986ee5add2ea644c9894e72213cf93ff0b", [:mix], []},
  "jsx": {:hex, :jsx, "2.8.2", "7acc7d785b5abe8a6e9adbde926a24e481f29956dd8b4df49e3e4e7bcc92a018", [:mix, :rebar3], []},
  "libbitcoin": {:git, "https://github.com/lastcanal/libbitcoin-nif.git", "6b92c94b862fd436a0d5a1b2d34d5a05b4c8fe78", []},
  "libbitcoin_client": {:git, "https://github.com/lastcanal/elixir-libbitcoin-client.git", "33ce2ddf7aaef86de1f4193f69c85c893ec9cade", []},
  "neotoma": {:hex, :neotoma, "1.7.3"},
  "providers": {:hex, :providers, "1.6.0", "db0e2f9043ae60c0155205fcd238d68516331d0e5146155e33d1e79dc452964a", [:rebar3], [{:getopt, "0.8.2", [hex: :getopt, optional: false]}]},
  "ranch": {:hex, :ranch, "1.1.0", "f7ed6d97db8c2a27cca85cacbd543558001fc5a355e93a7bff1e9a9065a8545b", [:make], []},
  "relx": {:hex, :relx, "3.22.4", "98d6ae6eeecb31f2018cd06af574579baf1c08e9a848f9184f7b95f35a480ac8", [:rebar3], [{:bbmustache, "1.0.4", [hex: :bbmustache, optional: false]}, {:cf, "0.2.2", [hex: :cf, optional: false]}, {:erlware_commons, "1.0.0", [hex: :erlware_commons, optional: false]}, {:getopt, "0.8.2", [hex: :getopt, optional: false]}, {:providers, "1.6.0", [hex: :providers, optional: false]}]}}
